github.com/BooleanCat/option v0.1.0 h1:wLwWbWnxUEAhpH+Gixy9OjFRnxmwm+nHcZQ8a2JozgA=
github.com/BooleanCat/option v0.1.0/go.mod h1:vzGAJoquxEsprjj3qidyQTSQzqWDztoj9mO84BoY+YU=
github.com/eclipse-zenoh/zenoh-go v1.9.0 h1:OKjUYd3foYsp7NY5B9aH+yFLUba9caUDmJSUOXqBLkI=
github.com/eclipse-zenoh/zenoh-go v1.9.0/go.mod h1:PeY2+x6VPEFpl/FMLfOl+zwsLxbUjresV5AAT158l80=
